// !$*UTF8*$!
{
	archiveVersion = 1;
	classes = {
	};
	objectVersion = 56;
	objects = {

/* Begin PBXBuildFile section */
		2CEF7039056196C8F32EB4AC /* Pods_Golyv_Task_Golyv_TaskUITests.framework in Frameworks */ = {isa = PBXBuildFile; fileRef = 4944FD89CDE380F9F3127B56 /* Pods_Golyv_Task_Golyv_TaskUITests.framework */; };
		6686A4177B240F42E3AB7856 /* Pods_Golyv_TaskTests.framework in Frameworks */ = {isa = PBXBuildFile; fileRef = 7161FAB98EDB052F6E2F1B7E /* Pods_Golyv_TaskTests.framework */; };
		7779E9B9575CC7C55584B64E /* Pods_Golyv_Task.framework in Frameworks */ = {isa = PBXBuildFile; fileRef = 050BFC6B2AF8C744D30F1DDD /* Pods_Golyv_Task.framework */; };
		CB6B1A9F2AAF2689001D791F /* AppDelegate.swift in Sources */ = {isa = PBXBuildFile; fileRef = CB6B1A9E2AAF2689001D791F /* AppDelegate.swift */; };
		CB6B1AA62AAF2689001D791F /* Main.storyboard in Resources */ = {isa = PBXBuildFile; fileRef = CB6B1AA42AAF2689001D791F /* Main.storyboard */; };
		CB6B1AA82AAF268B001D791F /* Assets.xcassets in Resources */ = {isa = PBXBuildFile; fileRef = CB6B1AA72AAF268B001D791F /* Assets.xcassets */; };
		CB6B1AAB2AAF268B001D791F /* LaunchScreen.storyboard in Resources */ = {isa = PBXBuildFile; fileRef = CB6B1AA92AAF268B001D791F /* LaunchScreen.storyboard */; };
		CB6B1AB62AAF268B001D791F /* Golyv_TaskTests.swift in Sources */ = {isa = PBXBuildFile; fileRef = CB6B1AB52AAF268B001D791F /* Golyv_TaskTests.swift */; };
		CB6B1AC02AAF268B001D791F /* Golyv_TaskUITests.swift in Sources */ = {isa = PBXBuildFile; fileRef = CB6B1ABF2AAF268B001D791F /* Golyv_TaskUITests.swift */; };
		CB6B1AC22AAF268B001D791F /* Golyv_TaskUITestsLaunchTests.swift in Sources */ = {isa = PBXBuildFile; fileRef = CB6B1AC12AAF268B001D791F /* Golyv_TaskUITestsLaunchTests.swift */; };
		CB6B1AD02AAF29B9001D791F /* Consts.swift in Sources */ = {isa = PBXBuildFile; fileRef = CB6B1ACF2AAF29B9001D791F /* Consts.swift */; };
		CB6B1AD22AAF29DF001D791F /* NetworkManager.swift in Sources */ = {isa = PBXBuildFile; fileRef = CB6B1AD12AAF29DF001D791F /* NetworkManager.swift */; };
		CB6B1AD52AAF2A7B001D791F /* Repos.swift in Sources */ = {isa = PBXBuildFile; fileRef = CB6B1AD42AAF2A7B001D791F /* Repos.swift */; };
		CB6B1ADC2AAF2B23001D791F /* SplashVC.swift in Sources */ = {isa = PBXBuildFile; fileRef = CB6B1ADB2AAF2B23001D791F /* SplashVC.swift */; };
		CB6B1ADE2AAF2C5B001D791F /* Repos.storyboard in Resources */ = {isa = PBXBuildFile; fileRef = CB6B1ADD2AAF2C5B001D791F /* Repos.storyboard */; };
		CB6B1AE02AAF2C88001D791F /* ReposVC.swift in Sources */ = {isa = PBXBuildFile; fileRef = CB6B1ADF2AAF2C88001D791F /* ReposVC.swift */; };
		CB6B1AE22AAF2D03001D791F /* ReposViewModel.swift in Sources */ = {isa = PBXBuildFile; fileRef = CB6B1AE12AAF2D03001D791F /* ReposViewModel.swift */; };
		CB6B1AE92AAF2F97001D791F /* ReposTVCell.swift in Sources */ = {isa = PBXBuildFile; fileRef = CB6B1AE72AAF2F97001D791F /* ReposTVCell.swift */; };
		CB6B1AEA2AAF2F97001D791F /* ReposTVCell.xib in Resources */ = {isa = PBXBuildFile; fileRef = CB6B1AE82AAF2F97001D791F /* ReposTVCell.xib */; };
		CB6B1AEC2AAF3148001D791F /* Extensions.swift in Sources */ = {isa = PBXBuildFile; fileRef = CB6B1AEB2AAF3148001D791F /* Extensions.swift */; };
		CB6B1AEE2AAF38AA001D791F /* Protocols.swift in Sources */ = {isa = PBXBuildFile; fileRef = CB6B1AED2AAF38AA001D791F /* Protocols.swift */; };
		CB6B1AF22AAF3BDA001D791F /* RepoDetailsVC.swift in Sources */ = {isa = PBXBuildFile; fileRef = CB6B1AF12AAF3BDA001D791F /* RepoDetailsVC.swift */; };
/* End PBXBuildFile section */

/* Begin PBXContainerItemProxy section */
		CB6B1AB22AAF268B001D791F /* PBXContainerItemProxy */ = {
			isa = PBXContainerItemProxy;
			containerPortal = CB6B1A932AAF2689001D791F /* Project object */;
			proxyType = 1;
			remoteGlobalIDString = CB6B1A9A2AAF2689001D791F;
			remoteInfo = "Golyv Task";
		};
		CB6B1ABC2AAF268B001D791F /* PBXContainerItemProxy */ = {
			isa = PBXContainerItemProxy;
			containerPortal = CB6B1A932AAF2689001D791F /* Project object */;
			proxyType = 1;
			remoteGlobalIDString = CB6B1A9A2AAF2689001D791F;
			remoteInfo = "Golyv Task";
		};
/* End PBXContainerItemProxy section */

/* Begin PBXFileReference section */
		050BFC6B2AF8C744D30F1DDD /* Pods_Golyv_Task.framework */ = {isa = PBXFileReference; explicitFileType = wrapper.framework; includeInIndex = 0; path = Pods_Golyv_Task.framework; sourceTree = BUILT_PRODUCTS_DIR; };
		2B1FFD3EBAFB5E646FF216B5 /* Pods-Golyv TaskTests.debug.xcconfig */ = {isa = PBXFileReference; includeInIndex = 1; lastKnownFileType = text.xcconfig; name = "Pods-Golyv TaskTests.debug.xcconfig"; path = "Target Support Files/Pods-Golyv TaskTests/Pods-Golyv TaskTests.debug.xcconfig"; sourceTree = "<group>"; };
		320220192559364DADB5D7F2 /* Pods-Golyv Task.release.xcconfig */ = {isa = PBXFileReference; includeInIndex = 1; lastKnownFileType = text.xcconfig; name = "Pods-Golyv Task.release.xcconfig"; path = "Target Support Files/Pods-Golyv Task/Pods-Golyv Task.release.xcconfig"; sourceTree = "<group>"; };
		4944FD89CDE380F9F3127B56 /* Pods_Golyv_Task_Golyv_TaskUITests.framework */ = {isa = PBXFileReference; explicitFileType = wrapper.framework; includeInIndex = 0; path = Pods_Golyv_Task_Golyv_TaskUITests.framework; sourceTree = BUILT_PRODUCTS_DIR; };
		7161FAB98EDB052F6E2F1B7E /* Pods_Golyv_TaskTests.framework */ = {isa = PBXFileReference; explicitFileType = wrapper.framework; includeInIndex = 0; path = Pods_Golyv_TaskTests.framework; sourceTree = BUILT_PRODUCTS_DIR; };
		A5DC7AFB03AA4A4994EF5FA5 /* Pods-Golyv Task.debug.xcconfig */ = {isa = PBXFileReference; includeInIndex = 1; lastKnownFileType = text.xcconfig; name = "Pods-Golyv Task.debug.xcconfig"; path = "Target Support Files/Pods-Golyv Task/Pods-Golyv Task.debug.xcconfig"; sourceTree = "<group>"; };
		C0C9C20E3D78A349345BA50E /* Pods-Golyv TaskTests.release.xcconfig */ = {isa = PBXFileReference; includeInIndex = 1; lastKnownFileType = text.xcconfig; name = "Pods-Golyv TaskTests.release.xcconfig"; path = "Target Support Files/Pods-Golyv TaskTests/Pods-Golyv TaskTests.release.xcconfig"; sourceTree = "<group>"; };
		CB6B1A9B2AAF2689001D791F /* Golyv Task.app */ = {isa = PBXFileReference; explicitFileType = wrapper.application; includeInIndex = 0; path = "Golyv Task.app"; sourceTree = BUILT_PRODUCTS_DIR; };
		CB6B1A9E2AAF2689001D791F /* AppDelegate.swift */ = {isa = PBXFileReference; lastKnownFileType = sourcecode.swift; path = AppDelegate.swift; sourceTree = "<group>"; };
		CB6B1AA52AAF2689001D791F /* Base */ = {isa = PBXFileReference; lastKnownFileType = file.storyboard; name = Base; path = Base.lproj/Main.storyboard; sourceTree = "<group>"; };
		CB6B1AA72AAF268B001D791F /* Assets.xcassets */ = {isa = PBXFileReference; lastKnownFileType = folder.assetcatalog; path = Assets.xcassets; sourceTree = "<group>"; };
		CB6B1AAA2AAF268B001D791F /* Base */ = {isa = PBXFileReference; lastKnownFileType = file.storyboard; name = Base; path = Base.lproj/LaunchScreen.storyboard; sourceTree = "<group>"; };
		CB6B1AAC2AAF268B001D791F /* Info.plist */ = {isa = PBXFileReference; lastKnownFileType = text.plist.xml; path = Info.plist; sourceTree = "<group>"; };
		CB6B1AB12AAF268B001D791F /* Golyv TaskTests.xctest */ = {isa = PBXFileReference; explicitFileType = wrapper.cfbundle; includeInIndex = 0; path = "Golyv TaskTests.xctest"; sourceTree = BUILT_PRODUCTS_DIR; };
		CB6B1AB52AAF268B001D791F /* Golyv_TaskTests.swift */ = {isa = PBXFileReference; lastKnownFileType = sourcecode.swift; path = Golyv_TaskTests.swift; sourceTree = "<group>"; };
		CB6B1ABB2AAF268B001D791F /* Golyv TaskUITests.xctest */ = {isa = PBXFileReference; explicitFileType = wrapper.cfbundle; includeInIndex = 0; path = "Golyv TaskUITests.xctest"; sourceTree = BUILT_PRODUCTS_DIR; };
		CB6B1ABF2AAF268B001D791F /* Golyv_TaskUITests.swift */ = {isa = PBXFileReference; lastKnownFileType = sourcecode.swift; path = Golyv_TaskUITests.swift; sourceTree = "<group>"; };
		CB6B1AC12AAF268B001D791F /* Golyv_TaskUITestsLaunchTests.swift */ = {isa = PBXFileReference; lastKnownFileType = sourcecode.swift; path = Golyv_TaskUITestsLaunchTests.swift; sourceTree = "<group>"; };
		CB6B1ACF2AAF29B9001D791F /* Consts.swift */ = {isa = PBXFileReference; lastKnownFileType = sourcecode.swift; path = Consts.swift; sourceTree = "<group>"; };
		CB6B1AD12AAF29DF001D791F /* NetworkManager.swift */ = {isa = PBXFileReference; lastKnownFileType = sourcecode.swift; path = NetworkManager.swift; sourceTree = "<group>"; };
		CB6B1AD42AAF2A7B001D791F /* Repos.swift */ = {isa = PBXFileReference; lastKnownFileType = sourcecode.swift; path = Repos.swift; sourceTree = "<group>"; };
		CB6B1ADB2AAF2B23001D791F /* SplashVC.swift */ = {isa = PBXFileReference; lastKnownFileType = sourcecode.swift; path = SplashVC.swift; sourceTree = "<group>"; };
		CB6B1ADD2AAF2C5B001D791F /* Repos.storyboard */ = {isa = PBXFileReference; lastKnownFileType = file.storyboard; path = Repos.storyboard; sourceTree = "<group>"; };
		CB6B1ADF2AAF2C88001D791F /* ReposVC.swift */ = {isa = PBXFileReference; lastKnownFileType = sourcecode.swift; path = ReposVC.swift; sourceTree = "<group>"; };
		CB6B1AE12AAF2D03001D791F /* ReposViewModel.swift */ = {isa = PBXFileReference; lastKnownFileType = sourcecode.swift; path = ReposViewModel.swift; sourceTree = "<group>"; };
		CB6B1AE72AAF2F97001D791F /* ReposTVCell.swift */ = {isa = PBXFileReference; lastKnownFileType = sourcecode.swift; path = ReposTVCell.swift; sourceTree = "<group>"; };
		CB6B1AE82AAF2F97001D791F /* ReposTVCell.xib */ = {isa = PBXFileReference; lastKnownFileType = file.xib; path = ReposTVCell.xib; sourceTree = "<group>"; };
		CB6B1AEB2AAF3148001D791F /* Extensions.swift */ = {isa = PBXFileReference; lastKnownFileType = sourcecode.swift; path = Extensions.swift; sourceTree = "<group>"; };
		CB6B1AED2AAF38AA001D791F /* Protocols.swift */ = {isa = PBXFileReference; lastKnownFileType = sourcecode.swift; path = Protocols.swift; sourceTree = "<group>"; };
		CB6B1AF12AAF3BDA001D791F /* RepoDetailsVC.swift */ = {isa = PBXFileReference; lastKnownFileType = sourcecode.swift; path = RepoDetailsVC.swift; sourceTree = "<group>"; };
		D642B1CED382B01ACAAECFCF /* Pods-Golyv Task-Golyv TaskUITests.release.xcconfig */ = {isa = PBXFileReference; includeInIndex = 1; lastKnownFileType = text.xcconfig; name = "Pods-Golyv Task-Golyv TaskUITests.release.xcconfig"; path = "Target Support Files/Pods-Golyv Task-Golyv TaskUITests/Pods-Golyv Task-Golyv TaskUITests.release.xcconfig"; sourceTree = "<group>"; };
		DD035C745706383C3502C161 /* Pods-Golyv Task-Golyv TaskUITests.debug.xcconfig */ = {isa = PBXFileReference; includeInIndex = 1; lastKnownFileType = text.xcconfig; name = "Pods-Golyv Task-Golyv TaskUITests.debug.xcconfig"; path = "Target Support Files/Pods-Golyv Task-Golyv TaskUITests/Pods-Golyv Task-Golyv TaskUITests.debug.xcconfig"; sourceTree = "<group>"; };
/* End PBXFileReference section */

/* Begin PBXFrameworksBuildPhase section */
		CB6B1A982AAF2689001D791F /* Frameworks */ = {
			isa = PBXFrameworksBuildPhase;
			buildActionMask = 2147483647;
			files = (
				7779E9B9575CC7C55584B64E /* Pods_Golyv_Task.framework in Frameworks */,
			);
			runOnlyForDeploymentPostprocessing = 0;
		};
		CB6B1AAE2AAF268B001D791F /* Frameworks */ = {
			isa = PBXFrameworksBuildPhase;
			buildActionMask = 2147483647;
			files = (
				6686A4177B240F42E3AB7856 /* Pods_Golyv_TaskTests.framework in Frameworks */,
			);
			runOnlyForDeploymentPostprocessing = 0;
		};
		CB6B1AB82AAF268B001D791F /* Frameworks */ = {
			isa = PBXFrameworksBuildPhase;
			buildActionMask = 2147483647;
			files = (
				2CEF7039056196C8F32EB4AC /* Pods_Golyv_Task_Golyv_TaskUITests.framework in Frameworks */,
			);
			runOnlyForDeploymentPostprocessing = 0;
		};
/* End PBXFrameworksBuildPhase section */

/* Begin PBXGroup section */
		3B9EFAEEEFEE3D7485045B84 /* Frameworks */ = {
			isa = PBXGroup;
			children = (
				050BFC6B2AF8C744D30F1DDD /* Pods_Golyv_Task.framework */,
				4944FD89CDE380F9F3127B56 /* Pods_Golyv_Task_Golyv_TaskUITests.framework */,
				7161FAB98EDB052F6E2F1B7E /* Pods_Golyv_TaskTests.framework */,
			);
			name = Frameworks;
			sourceTree = "<group>";
		};
		CB6B1A922AAF2689001D791F = {
			isa = PBXGroup;
			children = (
				CB6B1A9D2AAF2689001D791F /* Golyv Task */,
				CB6B1AB42AAF268B001D791F /* Golyv TaskTests */,
				CB6B1ABE2AAF268B001D791F /* Golyv TaskUITests */,
				CB6B1A9C2AAF2689001D791F /* Products */,
				DE68BDFC74CEF706B3EFB30E /* Pods */,
				3B9EFAEEEFEE3D7485045B84 /* Frameworks */,
			);
			sourceTree = "<group>";
		};
		CB6B1A9C2AAF2689001D791F /* Products */ = {
			isa = PBXGroup;
			children = (
				CB6B1A9B2AAF2689001D791F /* Golyv Task.app */,
				CB6B1AB12AAF268B001D791F /* Golyv TaskTests.xctest */,
				CB6B1ABB2AAF268B001D791F /* Golyv TaskUITests.xctest */,
			);
			name = Products;
			sourceTree = "<group>";
		};
		CB6B1A9D2AAF2689001D791F /* Golyv Task */ = {
			isa = PBXGroup;
			children = (
				CB6B1A9E2AAF2689001D791F /* AppDelegate.swift */,
				CB6B1ACE2AAF29AD001D791F /* Helpers */,
				CB6B1AD32AAF2A6C001D791F /* Models */,
				CB6B1AD62AAF2AAE001D791F /* Controllers */,
				CB6B1AD72AAF2AC7001D791F /* Views */,
				CB6B1ADA2AAF2AF1001D791F /* ViewModels */,
				CB6B1AA72AAF268B001D791F /* Assets.xcassets */,
				CB6B1AA92AAF268B001D791F /* LaunchScreen.storyboard */,
				CB6B1AAC2AAF268B001D791F /* Info.plist */,
			);
			path = "Golyv Task";
			sourceTree = "<group>";
		};
		CB6B1AB42AAF268B001D791F /* Golyv TaskTests */ = {
			isa = PBXGroup;
			children = (
				CB6B1AB52AAF268B001D791F /* Golyv_TaskTests.swift */,
			);
			path = "Golyv TaskTests";
			sourceTree = "<group>";
		};
		CB6B1ABE2AAF268B001D791F /* Golyv TaskUITests */ = {
			isa = PBXGroup;
			children = (
				CB6B1ABF2AAF268B001D791F /* Golyv_TaskUITests.swift */,
				CB6B1AC12AAF268B001D791F /* Golyv_TaskUITestsLaunchTests.swift */,
			);
			path = "Golyv TaskUITests";
			sourceTree = "<group>";
		};
		CB6B1ACE2AAF29AD001D791F /* Helpers */ = {
			isa = PBXGroup;
			children = (
				CB6B1ACF2AAF29B9001D791F /* Consts.swift */,
				CB6B1AD12AAF29DF001D791F /* NetworkManager.swift */,
				CB6B1AEB2AAF3148001D791F /* Extensions.swift */,
				CB6B1AED2AAF38AA001D791F /* Protocols.swift */,
			);
			name = Helpers;
			sourceTree = "<group>";
		};
		CB6B1AD32AAF2A6C001D791F /* Models */ = {
			isa = PBXGroup;
			children = (
				CB6B1AD42AAF2A7B001D791F /* Repos.swift */,
			);
			name = Models;
			sourceTree = "<group>";
		};
		CB6B1AD62AAF2AAE001D791F /* Controllers */ = {
			isa = PBXGroup;
			children = (
				CB6B1ADB2AAF2B23001D791F /* SplashVC.swift */,
				CB6B1ADF2AAF2C88001D791F /* ReposVC.swift */,
				CB6B1AF12AAF3BDA001D791F /* RepoDetailsVC.swift */,
			);
			name = Controllers;
			sourceTree = "<group>";
		};
		CB6B1AD72AAF2AC7001D791F /* Views */ = {
			isa = PBXGroup;
			children = (
				CB6B1AD92AAF2AD9001D791F /* Cells */,
				CB6B1AD82AAF2ACE001D791F /* Storyboards */,
			);
			name = Views;
			sourceTree = "<group>";
		};
		CB6B1AD82AAF2ACE001D791F /* Storyboards */ = {
			isa = PBXGroup;
			children = (
				CB6B1AA42AAF2689001D791F /* Main.storyboard */,
				CB6B1ADD2AAF2C5B001D791F /* Repos.storyboard */,
			);
			name = Storyboards;
			sourceTree = "<group>";
		};
		CB6B1AD92AAF2AD9001D791F /* Cells */ = {
			isa = PBXGroup;
			children = (
				CB6B1AE72AAF2F97001D791F /* ReposTVCell.swift */,
				CB6B1AE82AAF2F97001D791F /* ReposTVCell.xib */,
			);
			name = Cells;
			sourceTree = "<group>";
		};
		CB6B1ADA2AAF2AF1001D791F /* ViewModels */ = {
			isa = PBXGroup;
			children = (
				CB6B1AE12AAF2D03001D791F /* ReposViewModel.swift */,
			);
			name = ViewModels;
			sourceTree = "<group>";
		};
		DE68BDFC74CEF706B3EFB30E /* Pods */ = {
			isa = PBXGroup;
			children = (
				A5DC7AFB03AA4A4994EF5FA5 /* Pods-Golyv Task.debug.xcconfig */,
				320220192559364DADB5D7F2 /* Pods-Golyv Task.release.xcconfig */,
				DD035C745706383C3502C161 /* Pods-Golyv Task-Golyv TaskUITests.debug.xcconfig */,
				D642B1CED382B01ACAAECFCF /* Pods-Golyv Task-Golyv TaskUITests.release.xcconfig */,
				2B1FFD3EBAFB5E646FF216B5 /* Pods-Golyv TaskTests.debug.xcconfig */,
				C0C9C20E3D78A349345BA50E /* Pods-Golyv TaskTests.release.xcconfig */,
			);
			path = Pods;
			sourceTree = "<group>";
		};
/* End PBXGroup section */

/* Begin PBXNativeTarget section */
		CB6B1A9A2AAF2689001D791F /* Golyv Task */ = {
			isa = PBXNativeTarget;
			buildConfigurationList = CB6B1AC52AAF268B001D791F /* Build configuration list for PBXNativeTarget "Golyv Task" */;
			buildPhases = (
				E3E35E6A841E8DFCC9C8DAE2 /* [CP] Check Pods Manifest.lock */,
				CB6B1A972AAF2689001D791F /* Sources */,
				CB6B1A982AAF2689001D791F /* Frameworks */,
				CB6B1A992AAF2689001D791F /* Resources */,
				A3F5ACEAC49DB619E4587AC7 /* [CP] Embed Pods Frameworks */,
			);
			buildRules = (
			);
			dependencies = (
			);
			name = "Golyv Task";
			productName = "Golyv Task";
			productReference = CB6B1A9B2AAF2689001D791F /* Golyv Task.app */;
			productType = "com.apple.product-type.application";
		};
		CB6B1AB02AAF268B001D791F /* Golyv TaskTests */ = {
			isa = PBXNativeTarget;
			buildConfigurationList = CB6B1AC82AAF268B001D791F /* Build configuration list for PBXNativeTarget "Golyv TaskTests" */;
			buildPhases = (
				54E2D66EF20B490E9B186A33 /* [CP] Check Pods Manifest.lock */,
				CB6B1AAD2AAF268B001D791F /* Sources */,
				CB6B1AAE2AAF268B001D791F /* Frameworks */,
				CB6B1AAF2AAF268B001D791F /* Resources */,
				D947FEEC17D1FA2E7760DEAD /* [CP] Embed Pods Frameworks */,
			);
			buildRules = (
			);
			dependencies = (
				CB6B1AB32AAF268B001D791F /* PBXTargetDependency */,
			);
			name = "Golyv TaskTests";
			productName = "Golyv TaskTests";
			productReference = CB6B1AB12AAF268B001D791F /* Golyv TaskTests.xctest */;
			productType = "com.apple.product-type.bundle.unit-test";
		};
		CB6B1ABA2AAF268B001D791F /* Golyv TaskUITests */ = {
			isa = PBXNativeTarget;
			buildConfigurationList = CB6B1ACB2AAF268B001D791F /* Build configuration list for PBXNativeTarget "Golyv TaskUITests" */;
			buildPhases = (
				B7731ACD3BEAB99DC9D1897F /* [CP] Check Pods Manifest.lock */,
				CB6B1AB72AAF268B001D791F /* Sources */,
				CB6B1AB82AAF268B001D791F /* Frameworks */,
				CB6B1AB92AAF268B001D791F /* Resources */,
				A732AA6DA1AB11D0D2A1C139 /* [CP] Embed Pods Frameworks */,
			);
			buildRules = (
			);
			dependencies = (
				CB6B1ABD2AAF268B001D791F /* PBXTargetDependency */,
			);
			name = "Golyv TaskUITests";
			productName = "Golyv TaskUITests";
			productReference = CB6B1ABB2AAF268B001D791F /* Golyv TaskUITests.xctest */;
			productType = "com.apple.product-type.bundle.ui-testing";
		};
/* End PBXNativeTarget section */

/* Begin PBXProject section */
		CB6B1A932AAF2689001D791F /* Project object */ = {
			isa = PBXProject;
			attributes = {
				BuildIndependentTargetsInParallel = 1;
				LastSwiftUpdateCheck = 1430;
				LastUpgradeCheck = 1430;
				TargetAttributes = {
					CB6B1A9A2AAF2689001D791F = {
						CreatedOnToolsVersion = 14.3;
					};
					CB6B1AB02AAF268B001D791F = {
						CreatedOnToolsVersion = 14.3;
						TestTargetID = CB6B1A9A2AAF2689001D791F;
					};
					CB6B1ABA2AAF268B001D791F = {
						CreatedOnToolsVersion = 14.3;
						TestTargetID = CB6B1A9A2AAF2689001D791F;
					};
				};
			};
			buildConfigurationList = CB6B1A962AAF2689001D791F /* Build configuration list for PBXProject "Golyv Task" */;
			compatibilityVersion = "Xcode 14.0";
			developmentRegion = en;
			hasScannedForEncodings = 0;
			knownRegions = (
				en,
				Base,
			);
			mainGroup = CB6B1A922AAF2689001D791F;
			productRefGroup = CB6B1A9C2AAF2689001D791F /* Products */;
			projectDirPath = "";
			projectRoot = "";
			targets = (
				CB6B1A9A2AAF2689001D791F /* Golyv Task */,
				CB6B1AB02AAF268B001D791F /* Golyv TaskTests */,
				CB6B1ABA2AAF268B001D791F /* Golyv TaskUITests */,
			);
		};
/* End PBXProject section */

/* Begin PBXResourcesBuildPhase section */
		CB6B1A992AAF2689001D791F /* Resources */ = {
			isa = PBXResourcesBuildPhase;
			buildActionMask = 2147483647;
			files = (
				CB6B1ADE2AAF2C5B001D791F /* Repos.storyboard in Resources */,
				CB6B1AAB2AAF268B001D791F /* LaunchScreen.storyboard in Resources */,
				CB6B1AEA2AAF2F97001D791F /* ReposTVCell.xib in Resources */,
				CB6B1AA82AAF268B001D791F /* Assets.xcassets in Resources */,
				CB6B1AA62AAF2689001D791F /* Main.storyboard in Resources */,
			);
			runOnlyForDeploymentPostprocessing = 0;
		};
		CB6B1AAF2AAF268B001D791F /* Resources */ = {
			isa = PBXResourcesBuildPhase;
			buildActionMask = 2147483647;
			files = (
			);
			runOnlyForDeploymentPostprocessing = 0;
		};
		CB6B1AB92AAF268B001D791F /* Resources */ = {
			isa = PBXResourcesBuildPhase;
			buildActionMask = 2147483647;
			files = (
			);
			runOnlyForDeploymentPostprocessing = 0;
		};
/* End PBXResourcesBuildPhase section */

/* Begin PBXShellScriptBuildPhase section */
		54E2D66EF20B490E9B186A33 /* [CP] Check Pods Manifest.lock */ = {
			isa = PBXShellScriptBuildPhase;
			buildActionMask = 2147483647;
			files = (
			);
			inputFileListPaths = (
			);
			inputPaths = (
				"${PODS_PODFILE_DIR_PATH}/Podfile.lock",
				"${PODS_ROOT}/Manifest.lock",
			);
			name = "[CP] Check Pods Manifest.lock";
			outputFileListPaths = (
			);
			outputPaths = (
				"$(DERIVED_FILE_DIR)/Pods-Golyv TaskTests-checkManifestLockResult.txt",
			);
			runOnlyForDeploymentPostprocessing = 0;
			shellPath = /bin/sh;
			shellScript = "diff \"${PODS_PODFILE_DIR_PATH}/Podfile.lock\" \"${PODS_ROOT}/Manifest.lock\" > /dev/null\nif [ $? != 0 ] ; then\n    # print error to STDERR\n    echo \"error: The sandbox is not in sync with the Podfile.lock. Run 'pod install' or update your CocoaPods installation.\" >&2\n    exit 1\nfi\n# This output is used by Xcode 'outputs' to avoid re-running this script phase.\necho \"SUCCESS\" > \"${SCRIPT_OUTPUT_FILE_0}\"\n";
			showEnvVarsInLog = 0;
		};
		A3F5ACEAC49DB619E4587AC7 /* [CP] Embed Pods Frameworks */ = {
			isa = PBXShellScriptBuildPhase;
			buildActionMask = 2147483647;
			files = (
			);
			inputFileListPaths = (
				"${PODS_ROOT}/Target Support Files/Pods-Golyv Task/Pods-Golyv Task-frameworks-${CONFIGURATION}-input-files.xcfilelist",
			);
			name = "[CP] Embed Pods Frameworks";
			outputFileListPaths = (
				"${PODS_ROOT}/Target Support Files/Pods-Golyv Task/Pods-Golyv Task-frameworks-${CONFIGURATION}-output-files.xcfilelist",
			);
			runOnlyForDeploymentPostprocessing = 0;
			shellPath = /bin/sh;
			shellScript = "\"${PODS_ROOT}/Target Support Files/Pods-Golyv Task/Pods-Golyv Task-frameworks.sh\"\n";
			showEnvVarsInLog = 0;
		};
		A732AA6DA1AB11D0D2A1C139 /* [CP] Embed Pods Frameworks */ = {
			isa = PBXShellScriptBuildPhase;
			buildActionMask = 2147483647;
			files = (
			);
			inputFileListPaths = (
				"${PODS_ROOT}/Target Support Files/Pods-Golyv Task-Golyv TaskUITests/Pods-Golyv Task-Golyv TaskUITests-frameworks-${CONFIGURATION}-input-files.xcfilelist",
			);
			name = "[CP] Embed Pods Frameworks";
			outputFileListPaths = (
				"${PODS_ROOT}/Target Support Files/Pods-Golyv Task-Golyv TaskUITests/Pods-Golyv Task-Golyv TaskUITests-frameworks-${CONFIGURATION}-output-files.xcfilelist",
			);
			runOnlyForDeploymentPostprocessing = 0;
			shellPath = /bin/sh;
			shellScript = "\"${PODS_ROOT}/Target Support Files/Pods-Golyv Task-Golyv TaskUITests/Pods-Golyv Task-Golyv TaskUITests-frameworks.sh\"\n";
			showEnvVarsInLog = 0;
		};
		B7731ACD3BEAB99DC9D1897F /* [CP] Check Pods Manifest.lock */ = {
			isa = PBXShellScriptBuildPhase;
			buildActionMask = 2147483647;
			files = (
			);
			inputFileListPaths = (
			);
			inputPaths = (
				"${PODS_PODFILE_DIR_PATH}/Podfile.lock",
				"${PODS_ROOT}/Manifest.lock",
			);
			name = "[CP] Check Pods Manifest.lock";
			outputFileListPaths = (
			);
			outputPaths = (
				"$(DERIVED_FILE_DIR)/Pods-Golyv Task-Golyv TaskUITests-checkManifestLockResult.txt",
			);
			runOnlyForDeploymentPostprocessing = 0;
			shellPath = /bin/sh;
			shellScript = "diff \"${PODS_PODFILE_DIR_PATH}/Podfile.lock\" \"${PODS_ROOT}/Manifest.lock\" > /dev/null\nif [ $? != 0 ] ; then\n    # print error to STDERR\n    echo \"error: The sandbox is not in sync with the Podfile.lock. Run 'pod install' or update your CocoaPods installation.\" >&2\n    exit 1\nfi\n# This output is used by Xcode 'outputs' to avoid re-running this script phase.\necho \"SUCCESS\" > \"${SCRIPT_OUTPUT_FILE_0}\"\n";
			showEnvVarsInLog = 0;
		};
		D947FEEC17D1FA2E7760DEAD /* [CP] Embed Pods Frameworks */ = {
			isa = PBXShellScriptBuildPhase;
			buildActionMask = 2147483647;
			files = (
			);
			inputFileListPaths = (
				"${PODS_ROOT}/Target Support Files/Pods-Golyv TaskTests/Pods-Golyv TaskTests-frameworks-${CONFIGURATION}-input-files.xcfilelist",
			);
			name = "[CP] Embed Pods Frameworks";
			outputFileListPaths = (
				"${PODS_ROOT}/Target Support Files/Pods-Golyv TaskTests/Pods-Golyv TaskTests-frameworks-${CONFIGURATION}-output-files.xcfilelist",
			);
			runOnlyForDeploymentPostprocessing = 0;
			shellPath = /bin/sh;
			shellScript = "\"${PODS_ROOT}/Target Support Files/Pods-Golyv TaskTests/Pods-Golyv TaskTests-frameworks.sh\"\n";
			showEnvVarsInLog = 0;
		};
		E3E35E6A841E8DFCC9C8DAE2 /* [CP] Check Pods Manifest.lock */ = {
			isa = PBXShellScriptBuildPhase;
			buildActionMask = 2147483647;
			files = (
			);
			inputFileListPaths = (
			);
			inputPaths = (
				"${PODS_PODFILE_DIR_PATH}/Podfile.lock",
				"${PODS_ROOT}/Manifest.lock",
			);
			name = "[CP] Check Pods Manifest.lock";
			outputFileListPaths = (
			);
			outputPaths = (
				"$(DERIVED_FILE_DIR)/Pods-Golyv Task-checkManifestLockResult.txt",
			);
			runOnlyForDeploymentPostprocessing = 0;
			shellPath = /bin/sh;
			shellScript = "diff \"${PODS_PODFILE_DIR_PATH}/Podfile.lock\" \"${PODS_ROOT}/Manifest.lock\" > /dev/null\nif [ $? != 0 ] ; then\n    # print error to STDERR\n    echo \"error: The sandbox is not in sync with the Podfile.lock. Run 'pod install' or update your CocoaPods installation.\" >&2\n    exit 1\nfi\n# This output is used by Xcode 'outputs' to avoid re-running this script phase.\necho \"SUCCESS\" > \"${SCRIPT_OUTPUT_FILE_0}\"\n";
			showEnvVarsInLog = 0;
		};
/* End PBXShellScriptBuildPhase section */

/* Begin PBXSourcesBuildPhase section */
		CB6B1A972AAF2689001D791F /* Sources */ = {
			isa = PBXSourcesBuildPhase;
			buildActionMask = 2147483647;
			files = (
				CB6B1AE22AAF2D03001D791F /* ReposViewModel.swift in Sources */,
				CB6B1AEC2AAF3148001D791F /* Extensions.swift in Sources */,
				CB6B1AE02AAF2C88001D791F /* ReposVC.swift in Sources */,
				CB6B1AD52AAF2A7B001D791F /* Repos.swift in Sources */,
				CB6B1ADC2AAF2B23001D791F /* SplashVC.swift in Sources */,
				CB6B1AF22AAF3BDA001D791F /* RepoDetailsVC.swift in Sources */,
				CB6B1AEE2AAF38AA001D791F /* Protocols.swift in Sources */,
				CB6B1AD22AAF29DF001D791F /* NetworkManager.swift in Sources */,
				CB6B1AD02AAF29B9001D791F /* Consts.swift in Sources */,
				CB6B1A9F2AAF2689001D791F /* AppDelegate.swift in Sources */,
				CB6B1AE92AAF2F97001D791F /* ReposTVCell.swift in Sources */,
			);
			runOnlyForDeploymentPostprocessing = 0;
		};
		CB6B1AAD2AAF268B001D791F /* Sources */ = {
			isa = PBXSourcesBuildPhase;
			buildActionMask = 2147483647;
			files = (
				CB6B1AB62AAF268B001D791F /* Golyv_TaskTests.swift in Sources */,
			);
			runOnlyForDeploymentPostprocessing = 0;
		};
		CB6B1AB72AAF268B001D791F /* Sources */ = {
			isa = PBXSourcesBuildPhase;
			buildActionMask = 2147483647;
			files = (
				CB6B1AC02AAF268B001D791F /* Golyv_TaskUITests.swift in Sources */,
				CB6B1AC22AAF268B001D791F /* Golyv_TaskUITestsLaunchTests.swift in Sources */,
			);
			runOnlyForDeploymentPostprocessing = 0;
		};
/* End PBXSourcesBuildPhase section */

/* Begin PBXTargetDependency section */
		CB6B1AB32AAF268B001D791F /* PBXTargetDependency */ = {
			isa = PBXTargetDependency;
			target = CB6B1A9A2AAF2689001D791F /* Golyv Task */;
			targetProxy = CB6B1AB22AAF268B001D791F /* PBXContainerItemProxy */;
		};
		CB6B1ABD2AAF268B001D791F /* PBXTargetDependency */ = {
			isa = PBXTargetDependency;
			target = CB6B1A9A2AAF2689001D791F /* Golyv Task */;
			targetProxy = CB6B1ABC2AAF268B001D791F /* PBXContainerItemProxy */;
		};
/* End PBXTargetDependency section */

/* Begin PBXVariantGroup section */
		CB6B1AA42AAF2689001D791F /* Main.storyboard */ = {
			isa = PBXVariantGroup;
			children = (
				CB6B1AA52AAF2689001D791F /* Base */,
			);
			name = Main.storyboard;
			sourceTree = "<group>";
		};
		CB6B1AA92AAF268B001D791F /* LaunchScreen.storyboard */ = {
			isa = PBXVariantGroup;
			children = (
				CB6B1AAA2AAF268B001D791F /* Base */,
			);
			name = LaunchScreen.storyboard;
			sourceTree = "<group>";
		};
/* End PBXVariantGroup section */

/* Begin XCBuildConfiguration section */
		CB6B1AC32AAF268B001D791F /* Debug */ = {
			isa = XCBuildConfiguration;
			buildSettings = {
				ALWAYS_SEARCH_USER_PATHS = NO;
				CLANG_ANALYZER_NONNULL = YES;
				CLANG_ANALYZER_NUMBER_OBJECT_CONVERSION = YES_AGGRESSIVE;
				CLANG_CXX_LANGUAGE_STANDARD = "gnu++20";
				CLANG_ENABLE_MODULES = YES;
				CLANG_ENABLE_OBJC_ARC = YES;
				CLANG_ENABLE_OBJC_WEAK = YES;
				CLANG_WARN_BLOCK_CAPTURE_AUTORELEASING = YES;
				CLANG_WARN_BOOL_CONVERSION = YES;
				CLANG_WARN_COMMA = YES;
				CLANG_WARN_CONSTANT_CONVERSION = YES;
				CLANG_WARN_DEPRECATED_OBJC_IMPLEMENTATIONS = YES;
				CLANG_WARN_DIRECT_OBJC_ISA_USAGE = YES_ERROR;
				CLANG_WARN_DOCUMENTATION_COMMENTS = YES;
				CLANG_WARN_EMPTY_BODY = YES;
				CLANG_WARN_ENUM_CONVERSION = YES;
				CLANG_WARN_INFINITE_RECURSION = YES;
				CLANG_WARN_INT_CONVERSION = YES;
				CLANG_WARN_NON_LITERAL_NULL_CONVERSION = YES;
				CLANG_WARN_OBJC_IMPLICIT_RETAIN_SELF = YES;
				CLANG_WARN_OBJC_LITERAL_CONVERSION = YES;
				CLANG_WARN_OBJC_ROOT_CLASS = YES_ERROR;
				CLANG_WARN_QUOTED_INCLUDE_IN_FRAMEWORK_HEADER = YES;
				CLANG_WARN_RANGE_LOOP_ANALYSIS = YES;
				CLANG_WARN_STRICT_PROTOTYPES = YES;
				CLANG_WARN_SUSPICIOUS_MOVE = YES;
				CLANG_WARN_UNGUARDED_AVAILABILITY = YES_AGGRESSIVE;
				CLANG_WARN_UNREACHABLE_CODE = YES;
				CLANG_WARN__DUPLICATE_METHOD_MATCH = YES;
				COPY_PHASE_STRIP = NO;
				DEBUG_INFORMATION_FORMAT = dwarf;
				ENABLE_STRICT_OBJC_MSGSEND = YES;
				ENABLE_TESTABILITY = YES;
				GCC_C_LANGUAGE_STANDARD = gnu11;
				GCC_DYNAMIC_NO_PIC = NO;
				GCC_NO_COMMON_BLOCKS = YES;
				GCC_OPTIMIZATION_LEVEL = 0;
				GCC_PREPROCESSOR_DEFINITIONS = (
					"DEBUG=1",
					"$(inherited)",
				);
				GCC_WARN_64_TO_32_BIT_CONVERSION = YES;
				GCC_WARN_ABOUT_RETURN_TYPE = YES_ERROR;
				GCC_WARN_UNDECLARED_SELECTOR = YES;
				GCC_WARN_UNINITIALIZED_AUTOS = YES_AGGRESSIVE;
				GCC_WARN_UNUSED_FUNCTION = YES;
				GCC_WARN_UNUSED_VARIABLE = YES;
				IPHONEOS_DEPLOYMENT_TARGET = 16.4;
				MTL_ENABLE_DEBUG_INFO = INCLUDE_SOURCE;
				MTL_FAST_MATH = YES;
				ONLY_ACTIVE_ARCH = YES;
				SDKROOT = iphoneos;
				SWIFT_ACTIVE_COMPILATION_CONDITIONS = DEBUG;
				SWIFT_OPTIMIZATION_LEVEL = "-Onone";
			};
			name = Debug;
		};
		CB6B1AC42AAF268B001D791F /* Release */ = {
			isa = XCBuildConfiguration;
			buildSettings = {
				ALWAYS_SEARCH_USER_PATHS = NO;
				CLANG_ANALYZER_NONNULL = YES;
				CLANG_ANALYZER_NUMBER_OBJECT_CONVERSION = YES_AGGRESSIVE;
				CLANG_CXX_LANGUAGE_STANDARD = "gnu++20";
				CLANG_ENABLE_MODULES = YES;
				CLANG_ENABLE_OBJC_ARC = YES;
				CLANG_ENABLE_OBJC_WEAK = YES;
				CLANG_WARN_BLOCK_CAPTURE_AUTORELEASING = YES;
				CLANG_WARN_BOOL_CONVERSION = YES;
				CLANG_WARN_COMMA = YES;
				CLANG_WARN_CONSTANT_CONVERSION = YES;
				CLANG_WARN_DEPRECATED_OBJC_IMPLEMENTATIONS = YES;
				CLANG_WARN_DIRECT_OBJC_ISA_USAGE = YES_ERROR;
				CLANG_WARN_DOCUMENTATION_COMMENTS = YES;
				CLANG_WARN_EMPTY_BODY = YES;
				CLANG_WARN_ENUM_CONVERSION = YES;
				CLANG_WARN_INFINITE_RECURSION = YES;
				CLANG_WARN_INT_CONVERSION = YES;
				CLANG_WARN_NON_LITERAL_NULL_CONVERSION = YES;
				CLANG_WARN_OBJC_IMPLICIT_RETAIN_SELF = YES;
				CLANG_WARN_OBJC_LITERAL_CONVERSION = YES;
				CLANG_WARN_OBJC_ROOT_CLASS = YES_ERROR;
				CLANG_WARN_QUOTED_INCLUDE_IN_FRAMEWORK_HEADER = YES;
				CLANG_WARN_RANGE_LOOP_ANALYSIS = YES;
				CLANG_WARN_STRICT_PROTOTYPES = YES;
				CLANG_WARN_SUSPICIOUS_MOVE = YES;
				CLANG_WARN_UNGUARDED_AVAILABILITY = YES_AGGRESSIVE;
				CLANG_WARN_UNREACHABLE_CODE = YES;
				CLANG_WARN__DUPLICATE_METHOD_MATCH = YES;
				COPY_PHASE_STRIP = NO;
				DEBUG_INFORMATION_FORMAT = "dwarf-with-dsym";
				ENABLE_NS_ASSERTIONS = NO;
				ENABLE_STRICT_OBJC_MSGSEND = YES;
				GCC_C_LANGUAGE_STANDARD = gnu11;
				GCC_NO_COMMON_BLOCKS = YES;
				GCC_WARN_64_TO_32_BIT_CONVERSION = YES;
				GCC_WARN_ABOUT_RETURN_TYPE = YES_ERROR;
				GCC_WARN_UNDECLARED_SELECTOR = YES;
				GCC_WARN_UNINITIALIZED_AUTOS = YES_AGGRESSIVE;
				GCC_WARN_UNUSED_FUNCTION = YES;
				GCC_WARN_UNUSED_VARIABLE = YES;
				IPHONEOS_DEPLOYMENT_TARGET = 16.4;
				MTL_ENABLE_DEBUG_INFO = NO;
				MTL_FAST_MATH = YES;
				SDKROOT = iphoneos;
				SWIFT_COMPILATION_MODE = wholemodule;
				SWIFT_OPTIMIZATION_LEVEL = "-O";
				VALIDATE_PRODUCT = YES;
			};
			name = Release;
		};
		CB6B1AC62AAF268B001D791F /* Debug */ = {
			isa = XCBuildConfiguration;
			baseConfigurationReference = A5DC7AFB03AA4A4994EF5FA5 /* Pods-Golyv Task.debug.xcconfig */;
			buildSettings = {
				ASSETCATALOG_COMPILER_APPICON_NAME = AppIcon;
				ASSETCATALOG_COMPILER_GLOBAL_ACCENT_COLOR_NAME = AccentColor;
				CODE_SIGN_STYLE = Automatic;
				CURRENT_PROJECT_VERSION = 1;
				DEVELOPMENT_TEAM = 24239CYBDQ;
				GENERATE_INFOPLIST_FILE = YES;
				INFOPLIST_FILE = "Golyv Task/Info.plist";
				INFOPLIST_KEY_UIApplicationSupportsIndirectInputEvents = YES;
				INFOPLIST_KEY_UILaunchStoryboardName = LaunchScreen;
				INFOPLIST_KEY_UIMainStoryboardFile = Main;
				INFOPLIST_KEY_UISupportedInterfaceOrientations = UIInterfaceOrientationPortrait;
				INFOPLIST_KEY_UISupportedInterfaceOrientations_iPad = "UIInterfaceOrientationLandscapeLeft UIInterfaceOrientationLandscapeRight UIInterfaceOrientationPortrait UIInterfaceOrientationPortraitUpsideDown";
				LD_RUNPATH_SEARCH_PATHS = (
					"$(inherited)",
					"@executable_path/Frameworks",
				);
				MARKETING_VERSION = 1.0;
				PRODUCT_BUNDLE_IDENTIFIER = "com.Golyv-Task";
				PRODUCT_NAME = "$(TARGET_NAME)";
				SUPPORTED_PLATFORMS = "iphoneos iphonesimulator";
				SUPPORTS_MACCATALYST = NO;
				SUPPORTS_MAC_DESIGNED_FOR_IPHONE_IPAD = YES;
				SWIFT_EMIT_LOC_STRINGS = YES;
				SWIFT_VERSION = 5.0;
				TARGETED_DEVICE_FAMILY = 1;
			};
			name = Debug;
		};
		CB6B1AC72AAF268B001D791F /* Release */ = {
			isa = XCBuildConfiguration;
			baseConfigurationReference = 320220192559364DADB5D7F2 /* Pods-Golyv Task.release.xcconfig */;
			buildSettings = {
				ASSETCATALOG_COMPILER_APPICON_NAME = AppIcon;
				ASSETCATALOG_COMPILER_GLOBAL_ACCENT_COLOR_NAME = AccentColor;
				CODE_SIGN_STYLE = Automatic;
				CURRENT_PROJECT_VERSION = 1;
				DEVELOPMENT_TEAM = 24239CYBDQ;
				GENERATE_INFOPLIST_FILE = YES;
				INFOPLIST_FILE = "Golyv Task/Info.plist";
				INFOPLIST_KEY_UIApplicationSupportsIndirectInputEvents = YES;
				INFOPLIST_KEY_UILaunchStoryboardName = LaunchScreen;
				INFOPLIST_KEY_UIMainStoryboardFile = Main;
				INFOPLIST_KEY_UISupportedInterfaceOrientations = UIInterfaceOrientationPortrait;
				INFOPLIST_KEY_UISupportedInterfaceOrientations_iPad = "UIInterfaceOrientationLandscapeLeft UIInterfaceOrientationLandscapeRight UIInterfaceOrientationPortrait UIInterfaceOrientationPortraitUpsideDown";
				LD_RUNPATH_SEARCH_PATHS = (
					"$(inherited)",
					"@executable_path/Frameworks",
				);
				MARKETING_VERSION = 1.0;
				PRODUCT_BUNDLE_IDENTIFIER = "com.Golyv-Task";
				PRODUCT_NAME = "$(TARGET_NAME)";
				SUPPORTED_PLATFORMS = "iphoneos iphonesimulator";
				SUPPORTS_MACCATALYST = NO;
				SUPPORTS_MAC_DESIGNED_FOR_IPHONE_IPAD = YES;
				SWIFT_EMIT_LOC_STRINGS = YES;
				SWIFT_VERSION = 5.0;
				TARGETED_DEVICE_FAMILY = 1;
			};
			name = Release;
		};
		CB6B1AC92AAF268B001D791F /* Debug */ = {
			isa = XCBuildConfiguration;
			baseConfigurationReference = 2B1FFD3EBAFB5E646FF216B5 /* Pods-Golyv TaskTests.debug.xcconfig */;
			buildSettings = {
				ALWAYS_EMBED_SWIFT_STANDARD_LIBRARIES = YES;
				BUNDLE_LOADER = "$(TEST_HOST)";
				CODE_SIGN_STYLE = Automatic;
				CURRENT_PROJECT_VERSION = 1;
				DEVELOPMENT_TEAM = 24239CYBDQ;
				GENERATE_INFOPLIST_FILE = YES;
				IPHONEOS_DEPLOYMENT_TARGET = 16.4;
				MARKETING_VERSION = 1.0;
				PRODUCT_BUNDLE_IDENTIFIER = "com.Golyv-TaskTests";
				PRODUCT_NAME = "$(TARGET_NAME)";
				SWIFT_EMIT_LOC_STRINGS = NO;
				SWIFT_VERSION = 5.0;
				TARGETED_DEVICE_FAMILY = "1,2";
				TEST_HOST = "$(BUILT_PRODUCTS_DIR)/Golyv Task.app/$(BUNDLE_EXECUTABLE_FOLDER_PATH)/Golyv Task";
			};
			name = Debug;
		};
		CB6B1ACA2AAF268B001D791F /* Release */ = {
			isa = XCBuildConfiguration;
			baseConfigurationReference = C0C9C20E3D78A349345BA50E /* Pods-Golyv TaskTests.release.xcconfig */;
			buildSettings = {
				ALWAYS_EMBED_SWIFT_STANDARD_LIBRARIES = YES;
				BUNDLE_LOADER = "$(TEST_HOST)";
				CODE_SIGN_STYLE = Automatic;
				CURRENT_PROJECT_VERSION = 1;
				DEVELOPMENT_TEAM = 24239CYBDQ;
				GENERATE_INFOPLIST_FILE = YES;
				IPHONEOS_DEPLOYMENT_TARGET = 16.4;
				MARKETING_VERSION = 1.0;
				PRODUCT_BUNDLE_IDENTIFIER = "com.Golyv-TaskTests";
				PRODUCT_NAME = "$(TARGET_NAME)";
				SWIFT_EMIT_LOC_STRINGS = NO;
				SWIFT_VERSION = 5.0;
				TARGETED_DEVICE_FAMILY = "1,2";
				TEST_HOST = "$(BUILT_PRODUCTS_DIR)/Golyv Task.app/$(BUNDLE_EXECUTABLE_FOLDER_PATH)/Golyv Task";
			};
			name = Release;
		};
		CB6B1ACC2AAF268B001D791F /* Debug */ = {
			isa = XCBuildConfiguration;
			baseConfigurationReference = DD035C745706383C3502C161 /* Pods-Golyv Task-Golyv TaskUITests.debug.xcconfig */;
			buildSettings = {
				ALWAYS_EMBED_SWIFT_STANDARD_LIBRARIES = YES;
				CODE_SIGN_STYLE = Automatic;
				CURRENT_PROJECT_VERSION = 1;
				DEVELOPMENT_TEAM = 24239CYBDQ;
				GENERATE_INFOPLIST_FILE = YES;
				MARKETING_VERSION = 1.0;
				PRODUCT_BUNDLE_IDENTIFIER = "com.Golyv-TaskUITests";
				PRODUCT_NAME = "$(TARGET_NAME)";
				SWIFT_EMIT_LOC_STRINGS = NO;
				SWIFT_VERSION = 5.0;
				TARGETED_DEVICE_FAMILY = "1,2";
				TEST_TARGET_NAME = "Golyv Task";
			};
			name = Debug;
		};
		CB6B1ACD2AAF268B001D791F /* Release */ = {
			isa = XCBuildConfiguration;
			baseConfigurationReference = D642B1CED382B01ACAAECFCF /* Pods-Golyv Task-Golyv TaskUITests.release.xcconfig */;
			buildSettings = {
				ALWAYS_EMBED_SWIFT_STANDARD_LIBRARIES = YES;
				CODE_SIGN_STYLE = Automatic;
				CURRENT_PROJECT_VERSION = 1;
				DEVELOPMENT_TEAM = 24239CYBDQ;
				GENERATE_INFOPLIST_FILE = YES;
				MARKETING_VERSION = 1.0;
				PRODUCT_BUNDLE_IDENTIFIER = "com.Golyv-TaskUITests";
				PRODUCT_NAME = "$(TARGET_NAME)";
				SWIFT_EMIT_LOC_STRINGS = NO;
				SWIFT_VERSION = 5.0;
				TARGETED_DEVICE_FAMILY = "1,2";
				TEST_TARGET_NAME = "Golyv Task";
			};
			name = Release;
		};
/* End XCBuildConfiguration section */

/* Begin XCConfigurationList section */
		CB6B1A962AAF2689001D791F /* Build configuration list for PBXProject "Golyv Task" */ = {
			isa = XCConfigurationList;
			buildConfigurations = (
				CB6B1AC32AAF268B001D791F /* Debug */,
				CB6B1AC42AAF268B001D791F /* Release */,
			);
			defaultConfigurationIsVisible = 0;
			defaultConfigurationName = Release;
		};
		CB6B1AC52AAF268B001D791F /* Build configuration list for PBXNativeTarget "Golyv Task" */ = {
			isa = XCConfigurationList;
			buildConfigurations = (
				CB6B1AC62AAF268B001D791F /* Debug */,
				CB6B1AC72AAF268B001D791F /* Release */,
			);
			defaultConfigurationIsVisible = 0;
			defaultConfigurationName = Release;
		};
		CB6B1AC82AAF268B001D791F /* Build configuration list for PBXNativeTarget "Golyv TaskTests" */ = {
			isa = XCConfigurationList;
			buildConfigurations = (
				CB6B1AC92AAF268B001D791F /* Debug */,
				CB6B1ACA2AAF268B001D791F /* Release */,
			);
			defaultConfigurationIsVisible = 0;
			defaultConfigurationName = Release;
		};
		CB6B1ACB2AAF268B001D791F /* Build configuration list for PBXNativeTarget "Golyv TaskUITests" */ = {
			isa = XCConfigurationList;
			buildConfigurations = (
				CB6B1ACC2AAF268B001D791F /* Debug */,
				CB6B1ACD2AAF268B001D791F /* Release */,
			);
			defaultConfigurationIsVisible = 0;
			defaultConfigurationName = Release;
		};
/* End XCConfigurationList section */
	};
	rootObject = CB6B1A932AAF2689001D791F /* Project object */;
}
